// !$*UTF8*$!
{
	archiveVersion = 1;
	classes = {
	};
	objectVersion = 46;
	objects = {

/* Begin PBXBuildFile section */
		7868298D1FAC398D002E6431 /* AppDelegate.swift in Sources */ = {isa = PBXBuildFile; fileRef = 7868298C1FAC398C002E6431 /* AppDelegate.swift */; };
		7868298F1FAC398D002E6431 /* ViewController.swift in Sources */ = {isa = PBXBuildFile; fileRef = 7868298E1FAC398D002E6431 /* ViewController.swift */; };
		786829921FAC398D002E6431 /* Main.storyboard in Resources */ = {isa = PBXBuildFile; fileRef = 786829901FAC398D002E6431 /* Main.storyboard */; };
		786829941FAC398D002E6431 /* Assets.xcassets in Resources */ = {isa = PBXBuildFile; fileRef = 786829931FAC398D002E6431 /* Assets.xcassets */; };
		786829971FAC398D002E6431 /* LaunchScreen.storyboard in Resources */ = {isa = PBXBuildFile; fileRef = 786829951FAC398D002E6431 /* LaunchScreen.storyboard */; };
		7868299F1FAC39D2002E6431 /* GoogleService-Info.plist in Resources */ = {isa = PBXBuildFile; fileRef = 7868299E1FAC39D2002E6431 /* GoogleService-Info.plist */; };
		786829A11FACB9C3002E6431 /* FirstViewController.swift in Sources */ = {isa = PBXBuildFile; fileRef = 786829A01FACB9C3002E6431 /* FirstViewController.swift */; };
		786829A31FACB9CF002E6431 /* SecondViewController.swift in Sources */ = {isa = PBXBuildFile; fileRef = 786829A21FACB9CF002E6431 /* SecondViewController.swift */; };
		786829A51FACB9DB002E6431 /* ThirdViewController.swift in Sources */ = {isa = PBXBuildFile; fileRef = 786829A41FACB9DB002E6431 /* ThirdViewController.swift */; };
		786829A71FACB9E6002E6431 /* FourthViewController.swift in Sources */ = {isa = PBXBuildFile; fileRef = 786829A61FACB9E6002E6431 /* FourthViewController.swift */; };
		786829A91FACBA29002E6431 /* Survey.swift in Sources */ = {isa = PBXBuildFile; fileRef = 786829A81FACBA29002E6431 /* Survey.swift */; };
		BECA83AE5AF4C1A0FC8A7FA3 /* Pods_SurveyApp5.framework in Frameworks */ = {isa = PBXBuildFile; fileRef = 60ADFE395835202ACB677898 /* Pods_SurveyApp5.framework */; };
/* End PBXBuildFile section */

/* Begin PBXFileReference section */
		60ADFE395835202ACB677898 /* Pods_SurveyApp5.framework */ = {isa = PBXFileReference; explicitFileType = wrapper.framework; includeInIndex = 0; path = Pods_SurveyApp5.framework; sourceTree = BUILT_PRODUCTS_DIR; };
		64F7F64734FDC85C4816F515 /* Pods-SurveyApp5.release.xcconfig */ = {isa = PBXFileReference; includeInIndex = 1; lastKnownFileType = text.xcconfig; name = "Pods-SurveyApp5.release.xcconfig"; path = "Pods/Target Support Files/Pods-SurveyApp5/Pods-SurveyApp5.release.xcconfig"; sourceTree = "<group>"; };
		786829891FAC398C002E6431 /* SurveyApp5.app */ = {isa = PBXFileReference; explicitFileType = wrapper.application; includeInIndex = 0; path = SurveyApp5.app; sourceTree = BUILT_PRODUCTS_DIR; };
		7868298C1FAC398C002E6431 /* AppDelegate.swift */ = {isa = PBXFileReference; lastKnownFileType = sourcecode.swift; path = AppDelegate.swift; sourceTree = "<group>"; };
		7868298E1FAC398D002E6431 /* ViewController.swift */ = {isa = PBXFileReference; lastKnownFileType = sourcecode.swift; path = ViewController.swift; sourceTree = "<group>"; };
		786829911FAC398D002E6431 /* Base */ = {isa = PBXFileReference; lastKnownFileType = file.storyboard; name = Base; path = Base.lproj/Main.storyboard; sourceTree = "<group>"; };
		786829931FAC398D002E6431 /* Assets.xcassets */ = {isa = PBXFileReference; lastKnownFileType = folder.assetcatalog; path = Assets.xcassets; sourceTree = "<group>"; };
		786829961FAC398D002E6431 /* Base */ = {isa = PBXFileReference; lastKnownFileType = file.storyboard; name = Base; path = Base.lproj/LaunchScreen.storyboard; sourceTree = "<group>"; };
		786829981FAC398D002E6431 /* Info.plist */ = {isa = PBXFileReference; lastKnownFileType = text.plist.xml; path = Info.plist; sourceTree = "<group>"; };
		7868299E1FAC39D2002E6431 /* GoogleService-Info.plist */ = {isa = PBXFileReference; fileEncoding = 4; lastKnownFileType = text.plist.xml; path = "GoogleService-Info.plist"; sourceTree = "<group>"; };
		786829A01FACB9C3002E6431 /* FirstViewController.swift */ = {isa = PBXFileReference; fileEncoding = 4; lastKnownFileType = sourcecode.swift; path = FirstViewController.swift; sourceTree = "<group>"; };
		786829A21FACB9CF002E6431 /* SecondViewController.swift */ = {isa = PBXFileReference; fileEncoding = 4; lastKnownFileType = sourcecode.swift; path = SecondViewController.swift; sourceTree = "<group>"; };
		786829A41FACB9DB002E6431 /* ThirdViewController.swift */ = {isa = PBXFileReference; fileEncoding = 4; lastKnownFileType = sourcecode.swift; path = ThirdViewController.swift; sourceTree = "<group>"; };
		786829A61FACB9E6002E6431 /* FourthViewController.swift */ = {isa = PBXFileReference; fileEncoding = 4; lastKnownFileType = sourcecode.swift; path = FourthViewController.swift; sourceTree = "<group>"; };
		786829A81FACBA29002E6431 /* Survey.swift */ = {isa = PBXFileReference; fileEncoding = 4; lastKnownFileType = sourcecode.swift; path = Survey.swift; sourceTree = "<group>"; };
		BDF39B7F0606FA9319A7C23A /* Pods-SurveyApp5.debug.xcconfig */ = {isa = PBXFileReference; includeInIndex = 1; lastKnownFileType = text.xcconfig; name = "Pods-SurveyApp5.debug.xcconfig"; path = "Pods/Target Support Files/Pods-SurveyApp5/Pods-SurveyApp5.debug.xcconfig"; sourceTree = "<group>"; };
/* End PBXFileReference section */

/* Begin PBXFrameworksBuildPhase section */
		786829861FAC398C002E6431 /* Frameworks */ = {
			isa = PBXFrameworksBuildPhase;
			buildActionMask = 2147483647;
			files = (
				BECA83AE5AF4C1A0FC8A7FA3 /* Pods_SurveyApp5.framework in Frameworks */,
			);
			runOnlyForDeploymentPostprocessing = 0;
		};
/* End PBXFrameworksBuildPhase section */

/* Begin PBXGroup section */
		196BF45CCD89D0802310D5CC /* Pods */ = {
			isa = PBXGroup;
			children = (
				BDF39B7F0606FA9319A7C23A /* Pods-SurveyApp5.debug.xcconfig */,
				64F7F64734FDC85C4816F515 /* Pods-SurveyApp5.release.xcconfig */,
			);
			name = Pods;
			sourceTree = "<group>";
		};
		1DBCAAD21FA586D603AEFFB7 /* Frameworks */ = {
			isa = PBXGroup;
			children = (
				60ADFE395835202ACB677898 /* Pods_SurveyApp5.framework */,
			);
			name = Frameworks;
			sourceTree = "<group>";
		};
		786829801FAC398C002E6431 = {
			isa = PBXGroup;
			children = (
				7868298B1FAC398C002E6431 /* SurveyApp5 */,
				7868298A1FAC398C002E6431 /* Products */,
				196BF45CCD89D0802310D5CC /* Pods */,
				1DBCAAD21FA586D603AEFFB7 /* Frameworks */,
			);
			sourceTree = "<group>";
		};
		7868298A1FAC398C002E6431 /* Products */ = {
			isa = PBXGroup;
			children = (
				786829891FAC398C002E6431 /* SurveyApp5.app */,
			);
			name = Products;
			sourceTree = "<group>";
		};
		7868298B1FAC398C002E6431 /* SurveyApp5 */ = {
			isa = PBXGroup;
			children = (
				7868298C1FAC398C002E6431 /* AppDelegate.swift */,
				7868298E1FAC398D002E6431 /* ViewController.swift */,
				786829A81FACBA29002E6431 /* Survey.swift */,
				786829A01FACB9C3002E6431 /* FirstViewController.swift */,
				786829A21FACB9CF002E6431 /* SecondViewController.swift */,
				786829A41FACB9DB002E6431 /* ThirdViewController.swift */,
				786829A61FACB9E6002E6431 /* FourthViewController.swift */,
				786829901FAC398D002E6431 /* Main.storyboard */,
				786829931FAC398D002E6431 /* Assets.xcassets */,
				786829951FAC398D002E6431 /* LaunchScreen.storyboard */,
				786829981FAC398D002E6431 /* Info.plist */,
				7868299E1FAC39D2002E6431 /* GoogleService-Info.plist */,
			);
			path = SurveyApp5;
			sourceTree = "<group>";
		};
/* End PBXGroup section */

/* Begin PBXNativeTarget section */
		786829881FAC398C002E6431 /* SurveyApp5 */ = {
			isa = PBXNativeTarget;
			buildConfigurationList = 7868299B1FAC398D002E6431 /* Build configuration list for PBXNativeTarget "SurveyApp5" */;
			buildPhases = (
				26A50E7BD3CE4019DF37361C /* [CP] Check Pods Manifest.lock */,
				786829851FAC398C002E6431 /* Sources */,
				786829861FAC398C002E6431 /* Frameworks */,
				786829871FAC398C002E6431 /* Resources */,
				7ABAB4306E31D7EBE7D56C09 /* [CP] Embed Pods Frameworks */,
				A630743072EE0345A43EB135 /* [CP] Copy Pods Resources */,
			);
			buildRules = (
			);
			dependencies = (
			);
			name = SurveyApp5;
			productName = SurveyApp5;
			productReference = 786829891FAC398C002E6431 /* SurveyApp5.app */;
			productType = "com.apple.product-type.application";
		};
/* End PBXNativeTarget section */

/* Begin PBXProject section */
		786829811FAC398C002E6431 /* Project object */ = {
			isa = PBXProject;
			attributes = {
				LastSwiftUpdateCheck = 0820;
				LastUpgradeCheck = 0820;
				ORGANIZATIONNAME = "Yufang Lin";
				TargetAttributes = {
					786829881FAC398C002E6431 = {
						CreatedOnToolsVersion = 8.2.1;
						DevelopmentTeam = L4Q7HWKTD2;
						ProvisioningStyle = Automatic;
					};
				};
			};
			buildConfigurationList = 786829841FAC398C002E6431 /* Build configuration list for PBXProject "SurveyApp5" */;
			compatibilityVersion = "Xcode 3.2";
			developmentRegion = English;
			hasScannedForEncodings = 0;
			knownRegions = (
				en,
				Base,
			);
			mainGroup = 786829801FAC398C002E6431;
			productRefGroup = 7868298A1FAC398C002E6431 /* Products */;
			projectDirPath = "";
			projectRoot = "";
			targets = (
				786829881FAC398C002E6431 /* SurveyApp5 */,
			);
		};
/* End PBXProject section */

/* Begin PBXResourcesBuildPhase section */
		786829871FAC398C002E6431 /* Resources */ = {
			isa = PBXResourcesBuildPhase;
			buildActionMask = 2147483647;
			files = (
				786829971FAC398D002E6431 /* LaunchScreen.storyboard in Resources */,
				7868299F1FAC39D2002E6431 /* GoogleService-Info.plist in Resources */,
				786829941FAC398D002E6431 /* Assets.xcassets in Resources */,
				786829921FAC398D002E6431 /* Main.storyboard in Resources */,
			);
			runOnlyForDeploymentPostprocessing = 0;
		};
/* End PBXResourcesBuildPhase section */

/* Begin PBXShellScriptBuildPhase section */
		26A50E7BD3CE4019DF37361C /* [CP] Check Pods Manifest.lock */ = {
			isa = PBXShellScriptBuildPhase;
			buildActionMask = 2147483647;
			files = (
			);
			inputPaths = (
				"${PODS_PODFILE_DIR_PATH}/Podfile.lock",
				"${PODS_ROOT}/Manifest.lock",
			);
			name = "[CP] Check Pods Manifest.lock";
			outputPaths = (
				"$(DERIVED_FILE_DIR)/Pods-SurveyApp5-checkManifestLockResult.txt",
			);
			runOnlyForDeploymentPostprocessing = 0;
			shellPath = /bin/sh;
			shellScript = "diff \"${PODS_PODFILE_DIR_PATH}/Podfile.lock\" \"${PODS_ROOT}/Manifest.lock\" > /dev/null\nif [ $? != 0 ] ; then\n    # print error to STDERR\n    echo \"error: The sandbox is not in sync with the Podfile.lock. Run 'pod install' or update your CocoaPods installation.\" >&2\n    exit 1\nfi\n# This output is used by Xcode 'outputs' to avoid re-running this script phase.\necho \"SUCCESS\" > \"${SCRIPT_OUTPUT_FILE_0}\"\n";
			showEnvVarsInLog = 0;
		};
		7ABAB4306E31D7EBE7D56C09 /* [CP] Embed Pods Frameworks */ = {
			isa = PBXShellScriptBuildPhase;
			buildActionMask = 2147483647;
			files = (
			);
			inputPaths = (
				"${SRCROOT}/Pods/Target Support Files/Pods-SurveyApp5/Pods-SurveyApp5-frameworks.sh",
				"${BUILT_PRODUCTS_DIR}/GoogleToolboxForMac/GoogleToolboxForMac.framework",
				"${BUILT_PRODUCTS_DIR}/IQKeyboardManagerSwift/IQKeyboardManagerSwift.framework",
				"${BUILT_PRODUCTS_DIR}/leveldb-library/leveldb.framework",
				"${BUILT_PRODUCTS_DIR}/nanopb/nanopb.framework",
			);
			name = "[CP] Embed Pods Frameworks";
			outputPaths = (
				"${TARGET_BUILD_DIR}/${FRAMEWORKS_FOLDER_PATH}/GoogleToolboxForMac.framework",
				"${TARGET_BUILD_DIR}/${FRAMEWORKS_FOLDER_PATH}/IQKeyboardManagerSwift.framework",
				"${TARGET_BUILD_DIR}/${FRAMEWORKS_FOLDER_PATH}/leveldb.framework",
				"${TARGET_BUILD_DIR}/${FRAMEWORKS_FOLDER_PATH}/nanopb.framework",
			);
			runOnlyForDeploymentPostprocessing = 0;
			shellPath = /bin/sh;
			shellScript = "\"${SRCROOT}/Pods/Target Support Files/Pods-SurveyApp5/Pods-SurveyApp5-frameworks.sh\"\n";
			showEnvVarsInLog = 0;
		};
		A630743072EE0345A43EB135 /* [CP] Copy Pods Resources */ = {
			isa = PBXShellScriptBuildPhase;
			buildActionMask = 2147483647;
			files = (
			);
			inputPaths = (
			);
			name = "[CP] Copy Pods Resources";
			outputPaths = (
			);
			runOnlyForDeploymentPostprocessing = 0;
			shellPath = /bin/sh;
			shellScript = "\"${SRCROOT}/Pods/Target Support Files/Pods-SurveyApp5/Pods-SurveyApp5-resources.sh\"\n";
			showEnvVarsInLog = 0;
		};
/* End PBXShellScriptBuildPhase section */

/* Begin PBXSourcesBuildPhase section */
		786829851FAC398C002E6431 /* Sources */ = {
			isa = PBXSourcesBuildPhase;
			buildActionMask = 2147483647;
			files = (
				786829A71FACB9E6002E6431 /* FourthViewController.swift in Sources */,
				786829A31FACB9CF002E6431 /* SecondViewController.swift in Sources */,
				786829A91FACBA29002E6431 /* Survey.swift in Sources */,
				786829A11FACB9C3002E6431 /* FirstViewController.swift in Sources */,
				786829A51FACB9DB002E6431 /* ThirdViewController.swift in Sources */,
				7868298F1FAC398D002E6431 /* ViewController.swift in Sources */,
				7868298D1FAC398D002E6431 /* AppDelegate.swift in Sources */,
			);
			runOnlyForDeploymentPostprocessing = 0;
		};
/* End PBXSourcesBuildPhase section */

/* Begin PBXVariantGroup section */
		786829901FAC398D002E6431 /* Main.storyboard */ = {
			isa = PBXVariantGroup;
			children = (
				786829911FAC398D002E6431 /* Base */,
			);
			name = Main.storyboard;
			sourceTree = "<group>";
		};
		786829951FAC398D002E6431 /* LaunchScreen.storyboard */ = {
			isa = PBXVariantGroup;
			children = (
				786829961FAC398D002E6431 /* Base */,
			);
			name = LaunchScreen.storyboard;
			sourceTree = "<group>";
		};
/* End PBXVariantGroup section */

/* Begin XCBuildConfiguration section */
		786829991FAC398D002E6431 /* Debug */ = {
			isa = XCBuildConfiguration;
			buildSettings = {
				ALWAYS_SEARCH_USER_PATHS = NO;
				CLANG_ANALYZER_NONNULL = YES;
				CLANG_CXX_LANGUAGE_STANDARD = "gnu++0x";
				CLANG_CXX_LIBRARY = "libc++";
				CLANG_ENABLE_MODULES = YES;
				CLANG_ENABLE_OBJC_ARC = YES;
				CLANG_WARN_BOOL_CONVERSION = YES;
				CLANG_WARN_CONSTANT_CONVERSION = YES;
				CLANG_WARN_DIRECT_OBJC_ISA_USAGE = YES_ERROR;
				CLANG_WARN_DOCUMENTATION_COMMENTS = YES;
				CLANG_WARN_EMPTY_BODY = YES;
				CLANG_WARN_ENUM_CONVERSION = YES;
				CLANG_WARN_INFINITE_RECURSION = YES;
				CLANG_WARN_INT_CONVERSION = YES;
				CLANG_WARN_OBJC_ROOT_CLASS = YES_ERROR;
				CLANG_WARN_SUSPICIOUS_MOVE = YES;
				CLANG_WARN_UNREACHABLE_CODE = YES;
				CLANG_WARN__DUPLICATE_METHOD_MATCH = YES;
				"CODE_SIGN_IDENTITY[sdk=iphoneos*]" = "iPhone Developer";
				COPY_PHASE_STRIP = NO;
				DEBUG_INFORMATION_FORMAT = dwarf;
				ENABLE_STRICT_OBJC_MSGSEND = YES;
				ENABLE_TESTABILITY = YES;
				GCC_C_LANGUAGE_STANDARD = gnu99;
				GCC_DYNAMIC_NO_PIC = NO;
				GCC_NO_COMMON_BLOCKS = YES;
				GCC_OPTIMIZATION_LEVEL = 0;
				GCC_PREPROCESSOR_DEFINITIONS = (
					"DEBUG=1",
					"$(inherited)",
				);
				GCC_WARN_64_TO_32_BIT_CONVERSION = YES;
				GCC_WARN_ABOUT_RETURN_TYPE = YES_ERROR;
				GCC_WARN_UNDECLARED_SELECTOR = YES;
				GCC_WARN_UNINITIALIZED_AUTOS = YES_AGGRESSIVE;
				GCC_WARN_UNUSED_FUNCTION = YES;
				GCC_WARN_UNUSED_VARIABLE = YES;
				IPHONEOS_DEPLOYMENT_TARGET = 10.2;
				MTL_ENABLE_DEBUG_INFO = YES;
				ONLY_ACTIVE_ARCH = YES;
				SDKROOT = iphoneos;
				SWIFT_ACTIVE_COMPILATION_CONDITIONS = DEBUG;
				SWIFT_OPTIMIZATION_LEVEL = "-Onone";
			};
			name = Debug;
		};
		7868299A1FAC398D002E6431 /* Release */ = {
			isa = XCBuildConfiguration;
			buildSettings = {
				ALWAYS_SEARCH_USER_PATHS = NO;
				CLANG_ANALYZER_NONNULL = YES;
				CLANG_CXX_LANGUAGE_STANDARD = "gnu++0x";
				CLANG_CXX_LIBRARY = "libc++";
				CLANG_ENABLE_MODULES = YES;
				CLANG_ENABLE_OBJC_ARC = YES;
				CLANG_WARN_BOOL_CONVERSION = YES;
				CLANG_WARN_CONSTANT_CONVERSION = YES;
				CLANG_WARN_DIRECT_OBJC_ISA_USAGE = YES_ERROR;
				CLANG_WARN_DOCUMENTATION_COMMENTS = YES;
				CLANG_WARN_EMPTY_BODY = YES;
				CLANG_WARN_ENUM_CONVERSION = YES;
				CLANG_WARN_INFINITE_RECURSION = YES;
				CLANG_WARN_INT_CONVERSION = YES;
				CLANG_WARN_OBJC_ROOT_CLASS = YES_ERROR;
				CLANG_WARN_SUSPICIOUS_MOVE = YES;
				CLANG_WARN_UNREACHABLE_CODE = YES;
				CLANG_WARN__DUPLICATE_METHOD_MATCH = YES;
				"CODE_SIGN_IDENTITY[sdk=iphoneos*]" = "iPhone Developer";
				COPY_PHASE_STRIP = NO;
				DEBUG_INFORMATION_FORMAT = "dwarf-with-dsym";
				ENABLE_NS_ASSERTIONS = NO;
				ENABLE_STRICT_OBJC_MSGSEND = YES;
				GCC_C_LANGUAGE_STANDARD = gnu99;
				GCC_NO_COMMON_BLOCKS = YES;
				GCC_WARN_64_TO_32_BIT_CONVERSION = YES;
				GCC_WARN_ABOUT_RETURN_TYPE = YES_ERROR;
				GCC_WARN_UNDECLARED_SELECTOR = YES;
				GCC_WARN_UNINITIALIZED_AUTOS = YES_AGGRESSIVE;
				GCC_WARN_UNUSED_FUNCTION = YES;
				GCC_WARN_UNUSED_VARIABLE = YES;
				IPHONEOS_DEPLOYMENT_TARGET = 10.2;
				MTL_ENABLE_DEBUG_INFO = NO;
				SDKROOT = iphoneos;
				SWIFT_OPTIMIZATION_LEVEL = "-Owholemodule";
				VALIDATE_PRODUCT = YES;
			};
			name = Release;
		};
		7868299C1FAC398D002E6431 /* Debug */ = {
			isa = XCBuildConfiguration;
			baseConfigurationReference = BDF39B7F0606FA9319A7C23A /* Pods-SurveyApp5.debug.xcconfig */;
			buildSettings = {
				ASSETCATALOG_COMPILER_APPICON_NAME = AppIcon;
				DEVELOPMENT_TEAM = L4Q7HWKTD2;
				INFOPLIST_FILE = SurveyApp5/Info.plist;
				LD_RUNPATH_SEARCH_PATHS = "$(inherited) @executable_path/Frameworks";
				PRODUCT_BUNDLE_IDENTIFIER = com.yufang.SurveyApp5;
				PRODUCT_NAME = "$(TARGET_NAME)";
				SWIFT_VERSION = 3.0;
			};
			name = Debug;
		};
		7868299D1FAC398D002E6431 /* Release */ = {
			isa = XCBuildConfiguration;
			baseConfigurationReference = 64F7F64734FDC85C4816F515 /* Pods-SurveyApp5.release.xcconfig */;
			buildSettings = {
				ASSETCATALOG_COMPILER_APPICON_NAME = AppIcon;
				DEVELOPMENT_TEAM = L4Q7HWKTD2;
				INFOPLIST_FILE = SurveyApp5/Info.plist;
				LD_RUNPATH_SEARCH_PATHS = "$(inherited) @executable_path/Frameworks";
				PRODUCT_BUNDLE_IDENTIFIER = com.yufang.SurveyApp5;
				PRODUCT_NAME = "$(TARGET_NAME)";
				SWIFT_VERSION = 3.0;
			};
			name = Release;
		};
/* End XCBuildConfiguration section */

/* Begin XCConfigurationList section */
		786829841FAC398C002E6431 /* Build configuration list for PBXProject "SurveyApp5" */ = {
			isa = XCConfigurationList;
			buildConfigurations = (
				786829991FAC398D002E6431 /* Debug */,
				7868299A1FAC398D002E6431 /* Release */,
			);
			defaultConfigurationIsVisible = 0;
			defaultConfigurationName = Release;
		};
		7868299B1FAC398D002E6431 /* Build configuration list for PBXNativeTarget "SurveyApp5" */ = {
			isa = XCConfigurationList;
			buildConfigurations = (
				7868299C1FAC398D002E6431 /* Debug */,
				7868299D1FAC398D002E6431 /* Release */,
			);
			defaultConfigurationIsVisible = 0;
			defaultConfigurationName = Release;
		};
/* End XCConfigurationList section */
	};
	rootObject = 786829811FAC398C002E6431 /* Project object */;
}
